<Solution>
  <Folder Name="/samples/">
    <Project Path="samples/Atelier.Gallery/Atelier.Gallery.csproj" />
  </Folder>
  <Folder Name="/src/">
    <Project Path="src/Atelier.Controls/Atelier.Controls.csproj" />
    <Project Path="src/Atelier.Core/Atelier.Core.csproj" />
    <Project Path="src/Atelier.Generators/Atelier.Generators.csproj" />
    <Project Path="src/Atelier.Layout/Atelier.Layout.csproj" />
    <Project Path="src/Atelier.Markup/Atelier.Markup.csproj" />
    <Project Path="src/Atelier.Platform.Silk/Atelier.Platform.Silk.csproj" />
    <Project Path="src/Atelier.Rendering/Atelier.Rendering.csproj" />
    <Project Path="src/Atelier.Theming.Material/Atelier.Theming.Material.csproj" />
    <Project Path="src/Atelier.Theming/Atelier.Theming.csproj" />
  </Folder>
  <Folder Name="/tests/">
    <Project Path="tests/Atelier.Tests/Atelier.Tests.csproj" />
  </Folder>
</Solution>
